
Microsoft Visual Studio Solution File, Format Version 12.00
# Visual Studio 14
VisualStudioVersion = 14.0.25420.1
MinimumVisualStudioVersion = 10.0.40219.1
Project("{FAE04EC0-301F-11D3-BF4B-00C04F79EFBC}") = "XTipCalc.Android", "XTipCalc\XTipCalc.Android\XTipCalc.Android.csproj", "{EBD2B863-8811-4790-B6A3-88AF2E14B720}"
EndProject
Project("{FAE04EC0-301F-11D3-BF4B-00C04F79EFBC}") = "XTipCalc", "XTipCalc\XTipCalc\XTipCalc.csproj", "{F7863771-790E-495E-99B3-75740BC3457D}"
EndProject
Project("{FAE04EC0-301F-11D3-BF4B-00C04F79EFBC}") = "XTipCalc.UWP", "XTipCalc\XTipCalc.UWP\XTipCalc.UWP.csproj", "{F2612905-C168-425A-8612-2C685E1102E6}"
EndProject
Project("{FAE04EC0-301F-11D3-BF4B-00C04F79EFBC}") = "XTipCalc.iOS", "XTipCalc\XTipCalc.iOS\XTipCalc.iOS.csproj", "{7CBCB2D7-A6B4-44E6-BC84-9094E0280C47}"
EndProject
Global
	GlobalSection(SolutionConfigurationPlatforms) = preSolution
		Ad-Hoc|Any CPU = Ad-Hoc|Any CPU
		Ad-Hoc|ARM = Ad-Hoc|ARM
		Ad-Hoc|iPhone = Ad-Hoc|iPhone
		Ad-Hoc|iPhoneSimulator = Ad-Hoc|iPhoneSimulator
		Ad-Hoc|x64 = Ad-Hoc|x64
		Ad-Hoc|x86 = Ad-Hoc|x86
		AppStore|Any CPU = AppStore|Any CPU
		AppStore|ARM = AppStore|ARM
		AppStore|iPhone = AppStore|iPhone
		AppStore|iPhoneSimulator = AppStore|iPhoneSimulator
		AppStore|x64 = AppStore|x64
		AppStore|x86 = AppStore|x86
		Debug|Any CPU = Debug|Any CPU
		Debug|ARM = Debug|ARM
		Debug|iPhone = Debug|iPhone
		Debug|iPhoneSimulator = Debug|iPhoneSimulator
		Debug|x64 = Debug|x64
		Debug|x86 = Debug|x86
		Release|Any CPU = Release|Any CPU
		Release|ARM = Release|ARM
		Release|iPhone = Release|iPhone
		Release|iPhoneSimulator = Release|iPhoneSimulator
		Release|x64 = Release|x64
		Release|x86 = Release|x86
	EndGlobalSection
	GlobalSection(ProjectConfigurationPlatforms) = postSolution
		{EBD2B863-8811-4790-B6A3-88AF2E14B720}.Ad-Hoc|Any CPU.ActiveCfg = Release|Any CPU
		{EBD2B863-8811-4790-B6A3-88AF2E14B720}.Ad-Hoc|Any CPU.Build.0 = Release|Any CPU
		{EBD2B863-8811-4790-B6A3-88AF2E14B720}.Ad-Hoc|Any CPU.Deploy.0 = Release|Any CPU
		{EBD2B863-8811-4790-B6A3-88AF2E14B720}.Ad-Hoc|ARM.ActiveCfg = Release|Any CPU
		{EBD2B863-8811-4790-B6A3-88AF2E14B720}.Ad-Hoc|ARM.Build.0 = Release|Any CPU
		{EBD2B863-8811-4790-B6A3-88AF2E14B720}.Ad-Hoc|ARM.Deploy.0 = Release|Any CPU
		{EBD2B863-8811-4790-B6A3-88AF2E14B720}.Ad-Hoc|iPhone.ActiveCfg = Release|Any CPU
		{EBD2B863-8811-4790-B6A3-88AF2E14B720}.Ad-Hoc|iPhone.Build.0 = Release|Any CPU
		{EBD2B863-8811-4790-B6A3-88AF2E14B720}.Ad-Hoc|iPhone.Deploy.0 = Release|Any CPU
		{EBD2B863-8811-4790-B6A3-88AF2E14B720}.Ad-Hoc|iPhoneSimulator.ActiveCfg = Release|Any CPU
		{EBD2B863-8811-4790-B6A3-88AF2E14B720}.Ad-Hoc|iPhoneSimulator.Build.0 = Release|Any CPU
		{EBD2B863-8811-4790-B6A3-88AF2E14B720}.Ad-Hoc|iPhoneSimulator.Deploy.0 = Release|Any CPU
		{EBD2B863-8811-4790-B6A3-88AF2E14B720}.Ad-Hoc|x64.ActiveCfg = Release|Any CPU
		{EBD2B863-8811-4790-B6A3-88AF2E14B720}.Ad-Hoc|x64.Build.0 = Release|Any CPU
		{EBD2B863-8811-4790-B6A3-88AF2E14B720}.Ad-Hoc|x64.Deploy.0 = Release|Any CPU
		{EBD2B863-8811-4790-B6A3-88AF2E14B720}.Ad-Hoc|x86.ActiveCfg = Release|Any CPU
		{EBD2B863-8811-4790-B6A3-88AF2E14B720}.Ad-Hoc|x86.Build.0 = Release|Any CPU
		{EBD2B863-8811-4790-B6A3-88AF2E14B720}.Ad-Hoc|x86.Deploy.0 = Release|Any CPU
		{EBD2B863-8811-4790-B6A3-88AF2E14B720}.AppStore|Any CPU.ActiveCfg = Release|Any CPU
		{EBD2B863-8811-4790-B6A3-88AF2E14B720}.AppStore|Any CPU.Build.0 = Release|Any CPU
		{EBD2B863-8811-4790-B6A3-88AF2E14B720}.AppStore|Any CPU.Deploy.0 = Release|Any CPU
		{EBD2B863-8811-4790-B6A3-88AF2E14B720}.AppStore|ARM.ActiveCfg = Release|Any CPU
		{EBD2B863-8811-4790-B6A3-88AF2E14B720}.AppStore|ARM.Build.0 = Release|Any CPU
		{EBD2B863-8811-4790-B6A3-88AF2E14B720}.AppStore|ARM.Deploy.0 = Release|Any CPU
		{EBD2B863-8811-4790-B6A3-88AF2E14B720}.AppStore|iPhone.ActiveCfg = Release|Any CPU
		{EBD2B863-8811-4790-B6A3-88AF2E14B720}.AppStore|iPhone.Build.0 = Release|Any CPU
		{EBD2B863-8811-4790-B6A3-88AF2E14B720}.AppStore|iPhone.Deploy.0 = Release|Any CPU
		{EBD2B863-8811-4790-B6A3-88AF2E14B720}.AppStore|iPhoneSimulator.ActiveCfg = Release|Any CPU
		{EBD2B863-8811-4790-B6A3-88AF2E14B720}.AppStore|iPhoneSimulator.Build.0 = Release|Any CPU
		{EBD2B863-8811-4790-B6A3-88AF2E14B720}.AppStore|iPhoneSimulator.Deploy.0 = Release|Any CPU
		{EBD2B863-8811-4790-B6A3-88AF2E14B720}.AppStore|x64.ActiveCfg = Release|Any CPU
		{EBD2B863-8811-4790-B6A3-88AF2E14B720}.AppStore|x64.Build.0 = Release|Any CPU
		{EBD2B863-8811-4790-B6A3-88AF2E14B720}.AppStore|x64.Deploy.0 = Release|Any CPU
		{EBD2B863-8811-4790-B6A3-88AF2E14B720}.AppStore|x86.ActiveCfg = Release|Any CPU
		{EBD2B863-8811-4790-B6A3-88AF2E14B720}.AppStore|x86.Build.0 = Release|Any CPU
		{EBD2B863-8811-4790-B6A3-88AF2E14B720}.AppStore|x86.Deploy.0 = Release|Any CPU
		{EBD2B863-8811-4790-B6A3-88AF2E14B720}.Debug|Any CPU.ActiveCfg = Debug|Any CPU
		{EBD2B863-8811-4790-B6A3-88AF2E14B720}.Debug|Any CPU.Build.0 = Debug|Any CPU
		{EBD2B863-8811-4790-B6A3-88AF2E14B720}.Debug|Any CPU.Deploy.0 = Debug|Any CPU
		{EBD2B863-8811-4790-B6A3-88AF2E14B720}.Debug|ARM.ActiveCfg = Debug|Any CPU
		{EBD2B863-8811-4790-B6A3-88AF2E14B720}.Debug|ARM.Build.0 = Debug|Any CPU
		{EBD2B863-8811-4790-B6A3-88AF2E14B720}.Debug|ARM.Deploy.0 = Debug|Any CPU
		{EBD2B863-8811-4790-B6A3-88AF2E14B720}.Debug|iPhone.ActiveCfg = Debug|Any CPU
		{EBD2B863-8811-4790-B6A3-88AF2E14B720}.Debug|iPhone.Build.0 = Debug|Any CPU
		{EBD2B863-8811-4790-B6A3-88AF2E14B720}.Debug|iPhone.Deploy.0 = Debug|Any CPU
		{EBD2B863-8811-4790-B6A3-88AF2E14B720}.Debug|iPhoneSimulator.ActiveCfg = Debug|Any CPU
		{EBD2B863-8811-4790-B6A3-88AF2E14B720}.Debug|iPhoneSimulator.Build.0 = Debug|Any CPU
		{EBD2B863-8811-4790-B6A3-88AF2E14B720}.Debug|iPhoneSimulator.Deploy.0 = Debug|Any CPU
		{EBD2B863-8811-4790-B6A3-88AF2E14B720}.Debug|x64.ActiveCfg = Debug|Any CPU
		{EBD2B863-8811-4790-B6A3-88AF2E14B720}.Debug|x64.Build.0 = Debug|Any CPU
		{EBD2B863-8811-4790-B6A3-88AF2E14B720}.Debug|x64.Deploy.0 = Debug|Any CPU
		{EBD2B863-8811-4790-B6A3-88AF2E14B720}.Debug|x86.ActiveCfg = Debug|Any CPU
		{EBD2B863-8811-4790-B6A3-88AF2E14B720}.Debug|x86.Build.0 = Debug|Any CPU
		{EBD2B863-8811-4790-B6A3-88AF2E14B720}.Debug|x86.Deploy.0 = Debug|Any CPU
		{EBD2B863-8811-4790-B6A3-88AF2E14B720}.Release|Any CPU.ActiveCfg = Release|Any CPU
		{EBD2B863-8811-4790-B6A3-88AF2E14B720}.Release|Any CPU.Build.0 = Release|Any CPU
		{EBD2B863-8811-4790-B6A3-88AF2E14B720}.Release|Any CPU.Deploy.0 = Release|Any CPU
		{EBD2B863-8811-4790-B6A3-88AF2E14B720}.Release|ARM.ActiveCfg = Release|Any CPU
		{EBD2B863-8811-4790-B6A3-88AF2E14B720}.Release|ARM.Build.0 = Release|Any CPU
		{EBD2B863-8811-4790-B6A3-88AF2E14B720}.Release|ARM.Deploy.0 = Release|Any CPU
		{EBD2B863-8811-4790-B6A3-88AF2E14B720}.Release|iPhone.ActiveCfg = Release|Any CPU
		{EBD2B863-8811-4790-B6A3-88AF2E14B720}.Release|iPhone.Build.0 = Release|Any CPU
		{EBD2B863-8811-4790-B6A3-88AF2E14B720}.Release|iPhone.Deploy.0 = Release|Any CPU
		{EBD2B863-8811-4790-B6A3-88AF2E14B720}.Release|iPhoneSimulator.ActiveCfg = Release|Any CPU
		{EBD2B863-8811-4790-B6A3-88AF2E14B720}.Release|iPhoneSimulator.Build.0 = Release|Any CPU
		{EBD2B863-8811-4790-B6A3-88AF2E14B720}.Release|iPhoneSimulator.Deploy.0 = Release|Any CPU
		{EBD2B863-8811-4790-B6A3-88AF2E14B720}.Release|x64.ActiveCfg = Release|Any CPU
		{EBD2B863-8811-4790-B6A3-88AF2E14B720}.Release|x64.Build.0 = Release|Any CPU
		{EBD2B863-8811-4790-B6A3-88AF2E14B720}.Release|x64.Deploy.0 = Release|Any CPU
		{EBD2B863-8811-4790-B6A3-88AF2E14B720}.Release|x86.ActiveCfg = Release|Any CPU
		{EBD2B863-8811-4790-B6A3-88AF2E14B720}.Release|x86.Build.0 = Release|Any CPU
		{EBD2B863-8811-4790-B6A3-88AF2E14B720}.Release|x86.Deploy.0 = Release|Any CPU
		{F7863771-790E-495E-99B3-75740BC3457D}.Ad-Hoc|Any CPU.ActiveCfg = Release|Any CPU
		{F7863771-790E-495E-99B3-75740BC3457D}.Ad-Hoc|Any CPU.Build.0 = Release|Any CPU
		{F7863771-790E-495E-99B3-75740BC3457D}.Ad-Hoc|ARM.ActiveCfg = Release|Any CPU
		{F7863771-790E-495E-99B3-75740BC3457D}.Ad-Hoc|ARM.Build.0 = Release|Any CPU
		{F7863771-790E-495E-99B3-75740BC3457D}.Ad-Hoc|iPhone.ActiveCfg = Release|Any CPU
		{F7863771-790E-495E-99B3-75740BC3457D}.Ad-Hoc|iPhone.Build.0 = Release|Any CPU
		{F7863771-790E-495E-99B3-75740BC3457D}.Ad-Hoc|iPhoneSimulator.ActiveCfg = Release|Any CPU
		{F7863771-790E-495E-99B3-75740BC3457D}.Ad-Hoc|iPhoneSimulator.Build.0 = Release|Any CPU
		{F7863771-790E-495E-99B3-75740BC3457D}.Ad-Hoc|x64.ActiveCfg = Release|Any CPU
		{F7863771-790E-495E-99B3-75740BC3457D}.Ad-Hoc|x64.Build.0 = Release|Any CPU
		{F7863771-790E-495E-99B3-75740BC3457D}.Ad-Hoc|x86.ActiveCfg = Release|Any CPU
		{F7863771-790E-495E-99B3-75740BC3457D}.Ad-Hoc|x86.Build.0 = Release|Any CPU
		{F7863771-790E-495E-99B3-75740BC3457D}.AppStore|Any CPU.ActiveCfg = Release|Any CPU
		{F7863771-790E-495E-99B3-75740BC3457D}.AppStore|Any CPU.Build.0 = Release|Any CPU
		{F7863771-790E-495E-99B3-75740BC3457D}.AppStore|ARM.ActiveCfg = Release|Any CPU
		{F7863771-790E-495E-99B3-75740BC3457D}.AppStore|ARM.Build.0 = Release|Any CPU
		{F7863771-790E-495E-99B3-75740BC3457D}.AppStore|iPhone.ActiveCfg = Release|Any CPU
		{F7863771-790E-495E-99B3-75740BC3457D}.AppStore|iPhone.Build.0 = Release|Any CPU
		{F7863771-790E-495E-99B3-75740BC3457D}.AppStore|iPhoneSimulator.ActiveCfg = Release|Any CPU
		{F7863771-790E-495E-99B3-75740BC3457D}.AppStore|iPhoneSimulator.Build.0 = Release|Any CPU
		{F7863771-790E-495E-99B3-75740BC3457D}.AppStore|x64.ActiveCfg = Release|Any CPU
		{F7863771-790E-495E-99B3-75740BC3457D}.AppStore|x64.Build.0 = Release|Any CPU
		{F7863771-790E-495E-99B3-75740BC3457D}.AppStore|x86.ActiveCfg = Release|Any CPU
		{F7863771-790E-495E-99B3-75740BC3457D}.AppStore|x86.Build.0 = Release|Any CPU
		{F7863771-790E-495E-99B3-75740BC3457D}.Debug|Any CPU.ActiveCfg = Debug|Any CPU
		{F7863771-790E-495E-99B3-75740BC3457D}.Debug|Any CPU.Build.0 = Debug|Any CPU
		{F7863771-790E-495E-99B3-75740BC3457D}.Debug|ARM.ActiveCfg = Debug|Any CPU
		{F7863771-790E-495E-99B3-75740BC3457D}.Debug|ARM.Build.0 = Debug|Any CPU
		{F7863771-790E-495E-99B3-75740BC3457D}.Debug|iPhone.ActiveCfg = Debug|Any CPU
		{F7863771-790E-495E-99B3-75740BC3457D}.Debug|iPhone.Build.0 = Debug|Any CPU
		{F7863771-790E-495E-99B3-75740BC3457D}.Debug|iPhoneSimulator.ActiveCfg = Debug|Any CPU
		{F7863771-790E-495E-99B3-75740BC3457D}.Debug|iPhoneSimulator.Build.0 = Debug|Any CPU
		{F7863771-790E-495E-99B3-75740BC3457D}.Debug|x64.ActiveCfg = Debug|Any CPU
		{F7863771-790E-495E-99B3-75740BC3457D}.Debug|x64.Build.0 = Debug|Any CPU
		{F7863771-790E-495E-99B3-75740BC3457D}.Debug|x86.ActiveCfg = Debug|Any CPU
		{F7863771-790E-495E-99B3-75740BC3457D}.Debug|x86.Build.0 = Debug|Any CPU
		{F7863771-790E-495E-99B3-75740BC3457D}.Release|Any CPU.ActiveCfg = Release|Any CPU
		{F7863771-790E-495E-99B3-75740BC3457D}.Release|Any CPU.Build.0 = Release|Any CPU
		{F7863771-790E-495E-99B3-75740BC3457D}.Release|ARM.ActiveCfg = Release|Any CPU
		{F7863771-790E-495E-99B3-75740BC3457D}.Release|ARM.Build.0 = Release|Any CPU
		{F7863771-790E-495E-99B3-75740BC3457D}.Release|iPhone.ActiveCfg = Release|Any CPU
		{F7863771-790E-495E-99B3-75740BC3457D}.Release|iPhone.Build.0 = Release|Any CPU
		{F7863771-790E-495E-99B3-75740BC3457D}.Release|iPhoneSimulator.ActiveCfg = Release|Any CPU
		{F7863771-790E-495E-99B3-75740BC3457D}.Release|iPhoneSimulator.Build.0 = Release|Any CPU
		{F7863771-790E-495E-99B3-75740BC3457D}.Release|x64.ActiveCfg = Release|Any CPU
		{F7863771-790E-495E-99B3-75740BC3457D}.Release|x64.Build.0 = Release|Any CPU
		{F7863771-790E-495E-99B3-75740BC3457D}.Release|x86.ActiveCfg = Release|Any CPU
		{F7863771-790E-495E-99B3-75740BC3457D}.Release|x86.Build.0 = Release|Any CPU
		{F2612905-C168-425A-8612-2C685E1102E6}.Ad-Hoc|Any CPU.ActiveCfg = Release|x86
		{F2612905-C168-425A-8612-2C685E1102E6}.Ad-Hoc|Any CPU.Build.0 = Release|x86
		{F2612905-C168-425A-8612-2C685E1102E6}.Ad-Hoc|Any CPU.Deploy.0 = Release|x86
		{F2612905-C168-425A-8612-2C685E1102E6}.Ad-Hoc|ARM.ActiveCfg = Release|ARM
		{F2612905-C168-425A-8612-2C685E1102E6}.Ad-Hoc|ARM.Build.0 = Release|ARM
		{F2612905-C168-425A-8612-2C685E1102E6}.Ad-Hoc|ARM.Deploy.0 = Release|ARM
		{F2612905-C168-425A-8612-2C685E1102E6}.Ad-Hoc|iPhone.ActiveCfg = Release|x86
		{F2612905-C168-425A-8612-2C685E1102E6}.Ad-Hoc|iPhone.Build.0 = Release|x86
		{F2612905-C168-425A-8612-2C685E1102E6}.Ad-Hoc|iPhone.Deploy.0 = Release|x86
		{F2612905-C168-425A-8612-2C685E1102E6}.Ad-Hoc|iPhoneSimulator.ActiveCfg = Release|x86
		{F2612905-C168-425A-8612-2C685E1102E6}.Ad-Hoc|iPhoneSimulator.Build.0 = Release|x86
		{F2612905-C168-425A-8612-2C685E1102E6}.Ad-Hoc|iPhoneSimulator.Deploy.0 = Release|x86
		{F2612905-C168-425A-8612-2C685E1102E6}.Ad-Hoc|x64.ActiveCfg = Release|x64
		{F2612905-C168-425A-8612-2C685E1102E6}.Ad-Hoc|x64.Build.0 = Release|x64
		{F2612905-C168-425A-8612-2C685E1102E6}.Ad-Hoc|x64.Deploy.0 = Release|x64
		{F2612905-C168-425A-8612-2C685E1102E6}.Ad-Hoc|x86.ActiveCfg = Release|x86
		{F2612905-C168-425A-8612-2C685E1102E6}.Ad-Hoc|x86.Build.0 = Release|x86
		{F2612905-C168-425A-8612-2C685E1102E6}.Ad-Hoc|x86.Deploy.0 = Release|x86
		{F2612905-C168-425A-8612-2C685E1102E6}.AppStore|Any CPU.ActiveCfg = Release|x86
		{F2612905-C168-425A-8612-2C685E1102E6}.AppStore|Any CPU.Build.0 = Release|x86
		{F2612905-C168-425A-8612-2C685E1102E6}.AppStore|Any CPU.Deploy.0 = Release|x86
		{F2612905-C168-425A-8612-2C685E1102E6}.AppStore|ARM.ActiveCfg = Release|ARM
		{F2612905-C168-425A-8612-2C685E1102E6}.AppStore|ARM.Build.0 = Release|ARM
		{F2612905-C168-425A-8612-2C685E1102E6}.AppStore|ARM.Deploy.0 = Release|ARM
		{F2612905-C168-425A-8612-2C685E1102E6}.AppStore|iPhone.ActiveCfg = Release|x86
		{F2612905-C168-425A-8612-2C685E1102E6}.AppStore|iPhone.Build.0 = Release|x86
		{F2612905-C168-425A-8612-2C685E1102E6}.AppStore|iPhone.Deploy.0 = Release|x86
		{F2612905-C168-425A-8612-2C685E1102E6}.AppStore|iPhoneSimulator.ActiveCfg = Release|x86
		{F2612905-C168-425A-8612-2C685E1102E6}.AppStore|iPhoneSimulator.Build.0 = Release|x86
		{F2612905-C168-425A-8612-2C685E1102E6}.AppStore|iPhoneSimulator.Deploy.0 = Release|x86
		{F2612905-C168-425A-8612-2C685E1102E6}.AppStore|x64.ActiveCfg = Release|x64
		{F2612905-C168-425A-8612-2C685E1102E6}.AppStore|x64.Build.0 = Release|x64
		{F2612905-C168-425A-8612-2C685E1102E6}.AppStore|x64.Deploy.0 = Release|x64
		{F2612905-C168-425A-8612-2C685E1102E6}.AppStore|x86.ActiveCfg = Release|x86
		{F2612905-C168-425A-8612-2C685E1102E6}.AppStore|x86.Build.0 = Release|x86
		{F2612905-C168-425A-8612-2C685E1102E6}.AppStore|x86.Deploy.0 = Release|x86
		{F2612905-C168-425A-8612-2C685E1102E6}.Debug|Any CPU.ActiveCfg = Debug|x86
		{F2612905-C168-425A-8612-2C685E1102E6}.Debug|ARM.ActiveCfg = Debug|ARM
		{F2612905-C168-425A-8612-2C685E1102E6}.Debug|ARM.Build.0 = Debug|ARM
		{F2612905-C168-425A-8612-2C685E1102E6}.Debug|ARM.Deploy.0 = Debug|ARM
		{F2612905-C168-425A-8612-2C685E1102E6}.Debug|iPhone.ActiveCfg = Debug|x86
		{F2612905-C168-425A-8612-2C685E1102E6}.Debug|iPhoneSimulator.ActiveCfg = Debug|x86
		{F2612905-C168-425A-8612-2C685E1102E6}.Debug|x64.ActiveCfg = Debug|x64
		{F2612905-C168-425A-8612-2C685E1102E6}.Debug|x64.Build.0 = Debug|x64
		{F2612905-C168-425A-8612-2C685E1102E6}.Debug|x64.Deploy.0 = Debug|x64
		{F2612905-C168-425A-8612-2C685E1102E6}.Debug|x86.ActiveCfg = Debug|x86
		{F2612905-C168-425A-8612-2C685E1102E6}.Debug|x86.Build.0 = Debug|x86
		{F2612905-C168-425A-8612-2C685E1102E6}.Debug|x86.Deploy.0 = Debug|x86
		{F2612905-C168-425A-8612-2C685E1102E6}.Release|Any CPU.ActiveCfg = Release|x86
		{F2612905-C168-425A-8612-2C685E1102E6}.Release|ARM.ActiveCfg = Release|ARM
		{F2612905-C168-425A-8612-2C685E1102E6}.Release|ARM.Build.0 = Release|ARM
		{F2612905-C168-425A-8612-2C685E1102E6}.Release|ARM.Deploy.0 = Release|ARM
		{F2612905-C168-425A-8612-2C685E1102E6}.Release|iPhone.ActiveCfg = Release|x86
		{F2612905-C168-425A-8612-2C685E1102E6}.Release|iPhoneSimulator.ActiveCfg = Release|x86
		{F2612905-C168-425A-8612-2C685E1102E6}.Release|x64.ActiveCfg = Release|x64
		{F2612905-C168-425A-8612-2C685E1102E6}.Release|x64.Build.0 = Release|x64
		{F2612905-C168-425A-8612-2C685E1102E6}.Release|x64.Deploy.0 = Release|x64
		{F2612905-C168-425A-8612-2C685E1102E6}.Release|x86.ActiveCfg = Release|x86
		{F2612905-C168-425A-8612-2C685E1102E6}.Release|x86.Build.0 = Release|x86
		{F2612905-C168-425A-8612-2C685E1102E6}.Release|x86.Deploy.0 = Release|x86
		{7CBCB2D7-A6B4-44E6-BC84-9094E0280C47}.Ad-Hoc|Any CPU.ActiveCfg = Ad-Hoc|iPhone
		{7CBCB2D7-A6B4-44E6-BC84-9094E0280C47}.Ad-Hoc|ARM.ActiveCfg = Ad-Hoc|iPhone
		{7CBCB2D7-A6B4-44E6-BC84-9094E0280C47}.Ad-Hoc|iPhone.ActiveCfg = Ad-Hoc|iPhone
		{7CBCB2D7-A6B4-44E6-BC84-9094E0280C47}.Ad-Hoc|iPhone.Build.0 = Ad-Hoc|iPhone
		{7CBCB2D7-A6B4-44E6-BC84-9094E0280C47}.Ad-Hoc|iPhoneSimulator.ActiveCfg = Ad-Hoc|iPhoneSimulator
		{7CBCB2D7-A6B4-44E6-BC84-9094E0280C47}.Ad-Hoc|iPhoneSimulator.Build.0 = Ad-Hoc|iPhoneSimulator
		{7CBCB2D7-A6B4-44E6-BC84-9094E0280C47}.Ad-Hoc|x64.ActiveCfg = Ad-Hoc|iPhone
		{7CBCB2D7-A6B4-44E6-BC84-9094E0280C47}.Ad-Hoc|x86.ActiveCfg = Ad-Hoc|iPhone
		{7CBCB2D7-A6B4-44E6-BC84-9094E0280C47}.AppStore|Any CPU.ActiveCfg = AppStore|iPhone
		{7CBCB2D7-A6B4-44E6-BC84-9094E0280C47}.AppStore|ARM.ActiveCfg = AppStore|iPhone
		{7CBCB2D7-A6B4-44E6-BC84-9094E0280C47}.AppStore|iPhone.ActiveCfg = AppStore|iPhone
		{7CBCB2D7-A6B4-44E6-BC84-9094E0280C47}.AppStore|iPhone.Build.0 = AppStore|iPhone
		{7CBCB2D7-A6B4-44E6-BC84-9094E0280C47}.AppStore|iPhoneSimulator.ActiveCfg = AppStore|iPhoneSimulator
		{7CBCB2D7-A6B4-44E6-BC84-9094E0280C47}.AppStore|iPhoneSimulator.Build.0 = AppStore|iPhoneSimulator
		{7CBCB2D7-A6B4-44E6-BC84-9094E0280C47}.AppStore|x64.ActiveCfg = AppStore|iPhone
		{7CBCB2D7-A6B4-44E6-BC84-9094E0280C47}.AppStore|x86.ActiveCfg = AppStore|iPhone
		{7CBCB2D7-A6B4-44E6-BC84-9094E0280C47}.Debug|Any CPU.ActiveCfg = Debug|iPhone
		{7CBCB2D7-A6B4-44E6-BC84-9094E0280C47}.Debug|ARM.ActiveCfg = Debug|iPhone
		{7CBCB2D7-A6B4-44E6-BC84-9094E0280C47}.Debug|iPhone.ActiveCfg = Debug|iPhone
		{7CBCB2D7-A6B4-44E6-BC84-9094E0280C47}.Debug|iPhone.Build.0 = Debug|iPhone
		{7CBCB2D7-A6B4-44E6-BC84-9094E0280C47}.Debug|iPhoneSimulator.ActiveCfg = Debug|iPhoneSimulator
		{7CBCB2D7-A6B4-44E6-BC84-9094E0280C47}.Debug|iPhoneSimulator.Build.0 = Debug|iPhoneSimulator
		{7CBCB2D7-A6B4-44E6-BC84-9094E0280C47}.Debug|x64.ActiveCfg = Debug|iPhone
		{7CBCB2D7-A6B4-44E6-BC84-9094E0280C47}.Debug|x86.ActiveCfg = Debug|iPhone
		{7CBCB2D7-A6B4-44E6-BC84-9094E0280C47}.Release|Any CPU.ActiveCfg = Release|iPhone
		{7CBCB2D7-A6B4-44E6-BC84-9094E0280C47}.Release|ARM.ActiveCfg = Release|iPhone
		{7CBCB2D7-A6B4-44E6-BC84-9094E0280C47}.Release|iPhone.ActiveCfg = Release|iPhone
		{7CBCB2D7-A6B4-44E6-BC84-9094E0280C47}.Release|iPhone.Build.0 = Release|iPhone
		{7CBCB2D7-A6B4-44E6-BC84-9094E0280C47}.Release|iPhoneSimulator.ActiveCfg = Release|iPhoneSimulator
		{7CBCB2D7-A6B4-44E6-BC84-9094E0280C47}.Release|iPhoneSimulator.Build.0 = Release|iPhoneSimulator
		{7CBCB2D7-A6B4-44E6-BC84-9094E0280C47}.Release|x64.ActiveCfg = Release|iPhone
		{7CBCB2D7-A6B4-44E6-BC84-9094E0280C47}.Release|x86.ActiveCfg = Release|iPhone
	EndGlobalSection
	GlobalSection(SolutionProperties) = preSolution
		HideSolutionNode = FALSE
	EndGlobalSection
EndGlobal
